// !$*UTF8*$!
{
	archiveVersion = 1;
	classes = {
	};
	objectVersion = 46;
	objects = {

/* Begin PBXBuildFile section */
		14047A231EAAA349006A4D1E /* TimerTests.swift in Sources */ = {isa = PBXBuildFile; fileRef = 14047A221EAAA349006A4D1E /* TimerTests.swift */; };
		14047A251EADB28A006A4D1E /* AlarmTests.swift in Sources */ = {isa = PBXBuildFile; fileRef = 14047A241EADB28A006A4D1E /* AlarmTests.swift */; };
		14047A271EADBEB9006A4D1E /* TimeDurationTests.swift in Sources */ = {isa = PBXBuildFile; fileRef = 14047A261EADBEB9006A4D1E /* TimeDurationTests.swift */; };
		149444A21E9EE6E700E11DE4 /* StatusItemManager.swift in Sources */ = {isa = PBXBuildFile; fileRef = 149444A11E9EE6E700E11DE4 /* StatusItemManager.swift */; };
		14955D311EBE8A4B000DB80E /* TabContainer.xib in Resources */ = {isa = PBXBuildFile; fileRef = 14955D301EBE8A4B000DB80E /* TabContainer.xib */; };
		14955D341EBE8AD8000DB80E /* TabContainer.swift in Sources */ = {isa = PBXBuildFile; fileRef = 14955D331EBE8AD8000DB80E /* TabContainer.swift */; };
		14955D3A1EBFBDC2000DB80E /* UIView+Timely.swift in Sources */ = {isa = PBXBuildFile; fileRef = 14955D391EBFBDC2000DB80E /* UIView+Timely.swift */; };
		14ABE0C31E973E6C002A046F /* AppDelegate.swift in Sources */ = {isa = PBXBuildFile; fileRef = 14ABE0C21E973E6C002A046F /* AppDelegate.swift */; };
		14ABE0C81E973E6C002A046F /* Timely.xcdatamodeld in Sources */ = {isa = PBXBuildFile; fileRef = 14ABE0C61E973E6C002A046F /* Timely.xcdatamodeld */; };
		14ABE0CA1E973E6C002A046F /* Assets.xcassets in Resources */ = {isa = PBXBuildFile; fileRef = 14ABE0C91E973E6C002A046F /* Assets.xcassets */; };
		14ABE0CD1E973E6C002A046F /* Main.storyboard in Resources */ = {isa = PBXBuildFile; fileRef = 14ABE0CB1E973E6C002A046F /* Main.storyboard */; };
		14ABE0E31E973E6C002A046F /* TimelyUITests.swift in Sources */ = {isa = PBXBuildFile; fileRef = 14ABE0E21E973E6C002A046F /* TimelyUITests.swift */; };
		14ABE0F21E9746D9002A046F /* TimelyViewController.swift in Sources */ = {isa = PBXBuildFile; fileRef = 14ABE0F01E9746D8002A046F /* TimelyViewController.swift */; };
		14ABE0F31E9746D9002A046F /* TimelyViewController.xib in Resources */ = {isa = PBXBuildFile; fileRef = 14ABE0F11E9746D9002A046F /* TimelyViewController.xib */; };
		14ABE0F51E974F5E002A046F /* EventMonitor.swift in Sources */ = {isa = PBXBuildFile; fileRef = 14ABE0F41E974F5E002A046F /* EventMonitor.swift */; };
		14ABE0F71E976C3F002A046F /* Timer.swift in Sources */ = {isa = PBXBuildFile; fileRef = 14ABE0F61E976C3F002A046F /* Timer.swift */; };
		14ABE0F91E97854F002A046F /* Constants.swift in Sources */ = {isa = PBXBuildFile; fileRef = 14ABE0F81E97854F002A046F /* Constants.swift */; };
		14ABE0FB1E978B09002A046F /* Ping.aiff in Resources */ = {isa = PBXBuildFile; fileRef = 14ABE0FA1E978B09002A046F /* Ping.aiff */; };
		14ABE0FD1E978D50002A046F /* SomeoneNew.mp3 in Resources */ = {isa = PBXBuildFile; fileRef = 14ABE0FC1E978D50002A046F /* SomeoneNew.mp3 */; };
		14ABE0FF1E98B937002A046F /* Alarm.swift in Sources */ = {isa = PBXBuildFile; fileRef = 14ABE0FE1E98B937002A046F /* Alarm.swift */; };
		14ABE1011E9CB727002A046F /* TimelyTimer.swift in Sources */ = {isa = PBXBuildFile; fileRef = 14ABE1001E9CB727002A046F /* TimelyTimer.swift */; };
		14ABE1081E9CCCDA002A046F /* CountdownViewController.swift in Sources */ = {isa = PBXBuildFile; fileRef = 14ABE1061E9CCCDA002A046F /* CountdownViewController.swift */; };
		14ABE1091E9CCCDA002A046F /* CountdownViewController.xib in Resources */ = {isa = PBXBuildFile; fileRef = 14ABE1071E9CCCDA002A046F /* CountdownViewController.xib */; };
		14ABE10F1E9D827F002A046F /* TimeDuration.swift in Sources */ = {isa = PBXBuildFile; fileRef = 14ABE10E1E9D827F002A046F /* TimeDuration.swift */; };
		14ABE1111E9D8669002A046F /* Glass.aiff in Resources */ = {isa = PBXBuildFile; fileRef = 14ABE1101E9D8669002A046F /* Glass.aiff */; };
		14ABE1131E9D86A2002A046F /* Basso.aiff in Resources */ = {isa = PBXBuildFile; fileRef = 14ABE1121E9D86A2002A046F /* Basso.aiff */; };
		14ABE1161E9D8864002A046F /* AlarmSound.swift in Sources */ = {isa = PBXBuildFile; fileRef = 14ABE1151E9D8864002A046F /* AlarmSound.swift */; };
/* End PBXBuildFile section */

/* Begin PBXContainerItemProxy section */
		14ABE0D41E973E6C002A046F /* PBXContainerItemProxy */ = {
			isa = PBXContainerItemProxy;
			containerPortal = 14ABE0B71E973E6B002A046F /* Project object */;
			proxyType = 1;
			remoteGlobalIDString = 14ABE0BE1E973E6B002A046F;
			remoteInfo = Timely;
		};
		14ABE0DF1E973E6C002A046F /* PBXContainerItemProxy */ = {
			isa = PBXContainerItemProxy;
			containerPortal = 14ABE0B71E973E6B002A046F /* Project object */;
			proxyType = 1;
			remoteGlobalIDString = 14ABE0BE1E973E6B002A046F;
			remoteInfo = Timely;
		};
/* End PBXContainerItemProxy section */

/* Begin PBXFileReference section */
		14047A221EAAA349006A4D1E /* TimerTests.swift */ = {isa = PBXFileReference; fileEncoding = 4; lastKnownFileType = sourcecode.swift; path = TimerTests.swift; sourceTree = "<group>"; };
		14047A241EADB28A006A4D1E /* AlarmTests.swift */ = {isa = PBXFileReference; fileEncoding = 4; lastKnownFileType = sourcecode.swift; path = AlarmTests.swift; sourceTree = "<group>"; };
		14047A261EADBEB9006A4D1E /* TimeDurationTests.swift */ = {isa = PBXFileReference; fileEncoding = 4; lastKnownFileType = sourcecode.swift; path = TimeDurationTests.swift; sourceTree = "<group>"; };
		149444A11E9EE6E700E11DE4 /* StatusItemManager.swift */ = {isa = PBXFileReference; fileEncoding = 4; lastKnownFileType = sourcecode.swift; path = StatusItemManager.swift; sourceTree = "<group>"; };
		14955D301EBE8A4B000DB80E /* TabContainer.xib */ = {isa = PBXFileReference; fileEncoding = 4; lastKnownFileType = file.xib; path = TabContainer.xib; sourceTree = "<group>"; };
		14955D331EBE8AD8000DB80E /* TabContainer.swift */ = {isa = PBXFileReference; fileEncoding = 4; lastKnownFileType = sourcecode.swift; path = TabContainer.swift; sourceTree = "<group>"; };
		14955D391EBFBDC2000DB80E /* UIView+Timely.swift */ = {isa = PBXFileReference; fileEncoding = 4; lastKnownFileType = sourcecode.swift; path = "UIView+Timely.swift"; sourceTree = "<group>"; };
		14ABE0BF1E973E6C002A046F /* Timely.app */ = {isa = PBXFileReference; explicitFileType = wrapper.application; includeInIndex = 0; path = Timely.app; sourceTree = BUILT_PRODUCTS_DIR; };
		14ABE0C21E973E6C002A046F /* AppDelegate.swift */ = {isa = PBXFileReference; lastKnownFileType = sourcecode.swift; path = AppDelegate.swift; sourceTree = "<group>"; };
		14ABE0C71E973E6C002A046F /* Timely.xcdatamodel */ = {isa = PBXFileReference; lastKnownFileType = wrapper.xcdatamodel; path = Timely.xcdatamodel; sourceTree = "<group>"; };
		14ABE0C91E973E6C002A046F /* Assets.xcassets */ = {isa = PBXFileReference; lastKnownFileType = folder.assetcatalog; path = Assets.xcassets; sourceTree = "<group>"; };
		14ABE0CC1E973E6C002A046F /* Base */ = {isa = PBXFileReference; lastKnownFileType = file.storyboard; name = Base; path = Base.lproj/Main.storyboard; sourceTree = "<group>"; };
		14ABE0CE1E973E6C002A046F /* Info.plist */ = {isa = PBXFileReference; lastKnownFileType = text.plist.xml; path = Info.plist; sourceTree = "<group>"; };
		14ABE0D31E973E6C002A046F /* TimelyTests.xctest */ = {isa = PBXFileReference; explicitFileType = wrapper.cfbundle; includeInIndex = 0; path = TimelyTests.xctest; sourceTree = BUILT_PRODUCTS_DIR; };
		14ABE0D91E973E6C002A046F /* Info.plist */ = {isa = PBXFileReference; lastKnownFileType = text.plist.xml; path = Info.plist; sourceTree = "<group>"; };
		14ABE0DE1E973E6C002A046F /* TimelyUITests.xctest */ = {isa = PBXFileReference; explicitFileType = wrapper.cfbundle; includeInIndex = 0; path = TimelyUITests.xctest; sourceTree = BUILT_PRODUCTS_DIR; };
		14ABE0E21E973E6C002A046F /* TimelyUITests.swift */ = {isa = PBXFileReference; lastKnownFileType = sourcecode.swift; path = TimelyUITests.swift; sourceTree = "<group>"; };
		14ABE0E41E973E6C002A046F /* Info.plist */ = {isa = PBXFileReference; lastKnownFileType = text.plist.xml; path = Info.plist; sourceTree = "<group>"; };
		14ABE0F01E9746D8002A046F /* TimelyViewController.swift */ = {isa = PBXFileReference; fileEncoding = 4; lastKnownFileType = sourcecode.swift; path = TimelyViewController.swift; sourceTree = "<group>"; };
		14ABE0F11E9746D9002A046F /* TimelyViewController.xib */ = {isa = PBXFileReference; fileEncoding = 4; lastKnownFileType = file.xib; path = TimelyViewController.xib; sourceTree = "<group>"; };
		14ABE0F41E974F5E002A046F /* EventMonitor.swift */ = {isa = PBXFileReference; fileEncoding = 4; lastKnownFileType = sourcecode.swift; path = EventMonitor.swift; sourceTree = "<group>"; };
		14ABE0F61E976C3F002A046F /* Timer.swift */ = {isa = PBXFileReference; fileEncoding = 4; lastKnownFileType = sourcecode.swift; path = Timer.swift; sourceTree = "<group>"; };
		14ABE0F81E97854F002A046F /* Constants.swift */ = {isa = PBXFileReference; fileEncoding = 4; lastKnownFileType = sourcecode.swift; path = Constants.swift; sourceTree = "<group>"; };
		14ABE0FA1E978B09002A046F /* Ping.aiff */ = {isa = PBXFileReference; lastKnownFileType = audio.aiff; path = Ping.aiff; sourceTree = "<group>"; };
		14ABE0FC1E978D50002A046F /* SomeoneNew.mp3 */ = {isa = PBXFileReference; lastKnownFileType = audio.mp3; path = SomeoneNew.mp3; sourceTree = "<group>"; };
		14ABE0FE1E98B937002A046F /* Alarm.swift */ = {isa = PBXFileReference; fileEncoding = 4; lastKnownFileType = sourcecode.swift; path = Alarm.swift; sourceTree = "<group>"; };
		14ABE1001E9CB727002A046F /* TimelyTimer.swift */ = {isa = PBXFileReference; fileEncoding = 4; lastKnownFileType = sourcecode.swift; path = TimelyTimer.swift; sourceTree = "<group>"; };
		14ABE1061E9CCCDA002A046F /* CountdownViewController.swift */ = {isa = PBXFileReference; fileEncoding = 4; lastKnownFileType = sourcecode.swift; name = CountdownViewController.swift; path = ../CountdownViewController.swift; sourceTree = "<group>"; };
		14ABE1071E9CCCDA002A046F /* CountdownViewController.xib */ = {isa = PBXFileReference; fileEncoding = 4; lastKnownFileType = file.xib; name = CountdownViewController.xib; path = ../CountdownViewController.xib; sourceTree = "<group>"; };
		14ABE10E1E9D827F002A046F /* TimeDuration.swift */ = {isa = PBXFileReference; fileEncoding = 4; lastKnownFileType = sourcecode.swift; path = TimeDuration.swift; sourceTree = "<group>"; };
		14ABE1101E9D8669002A046F /* Glass.aiff */ = {isa = PBXFileReference; lastKnownFileType = audio.aiff; path = Glass.aiff; sourceTree = "<group>"; };
		14ABE1121E9D86A2002A046F /* Basso.aiff */ = {isa = PBXFileReference; lastKnownFileType = audio.aiff; path = Basso.aiff; sourceTree = "<group>"; };
		14ABE1151E9D8864002A046F /* AlarmSound.swift */ = {isa = PBXFileReference; fileEncoding = 4; lastKnownFileType = sourcecode.swift; path = AlarmSound.swift; sourceTree = "<group>"; };
/* End PBXFileReference section */

/* Begin PBXFrameworksBuildPhase section */
		14ABE0BC1E973E6B002A046F /* Frameworks */ = {
			isa = PBXFrameworksBuildPhase;
			buildActionMask = 2147483647;
			files = (
			);
			runOnlyForDeploymentPostprocessing = 0;
		};
		14ABE0D01E973E6C002A046F /* Frameworks */ = {
			isa = PBXFrameworksBuildPhase;
			buildActionMask = 2147483647;
			files = (
			);
			runOnlyForDeploymentPostprocessing = 0;
		};
		14ABE0DB1E973E6C002A046F /* Frameworks */ = {
			isa = PBXFrameworksBuildPhase;
			buildActionMask = 2147483647;
			files = (
			);
			runOnlyForDeploymentPostprocessing = 0;
		};
/* End PBXFrameworksBuildPhase section */

/* Begin PBXGroup section */
		14955D321EBE8AC4000DB80E /* TabContainer */ = {
			isa = PBXGroup;
			children = (
				14955D331EBE8AD8000DB80E /* TabContainer.swift */,
				14955D301EBE8A4B000DB80E /* TabContainer.xib */,
			);
			name = TabContainer;
			sourceTree = "<group>";
		};
		14ABE0B61E973E6B002A046F = {
			isa = PBXGroup;
			children = (
				14ABE0C11E973E6C002A046F /* Timely */,
				14ABE0D61E973E6C002A046F /* TimelyTests */,
				14ABE0E11E973E6C002A046F /* TimelyUITests */,
				14ABE0C01E973E6C002A046F /* Products */,
			);
			sourceTree = "<group>";
		};
		14ABE0C01E973E6C002A046F /* Products */ = {
			isa = PBXGroup;
			children = (
				14ABE0BF1E973E6C002A046F /* Timely.app */,
				14ABE0D31E973E6C002A046F /* TimelyTests.xctest */,
				14ABE0DE1E973E6C002A046F /* TimelyUITests.xctest */,
			);
			name = Products;
			sourceTree = "<group>";
		};
		14ABE0C11E973E6C002A046F /* Timely */ = {
			isa = PBXGroup;
			children = (
				14ABE0C21E973E6C002A046F /* AppDelegate.swift */,
				14ABE0F81E97854F002A046F /* Constants.swift */,
				14ABE0F41E974F5E002A046F /* EventMonitor.swift */,
				14ABE1171E9D88D0002A046F /* Timer */,
				14ABE1181E9D88D8002A046F /* Alarm */,
				14ABE11A1E9D88F4002A046F /* TimelyView */,
				14ABE1191E9D88EB002A046F /* CountdownView */,
				14955D321EBE8AC4000DB80E /* TabContainer */,
				14ABE0C91E973E6C002A046F /* Assets.xcassets */,
				14ABE0CB1E973E6C002A046F /* Main.storyboard */,
				14ABE0CE1E973E6C002A046F /* Info.plist */,
				14ABE0C61E973E6C002A046F /* Timely.xcdatamodeld */,
				149444A11E9EE6E700E11DE4 /* StatusItemManager.swift */,
				14955D391EBFBDC2000DB80E /* UIView+Timely.swift */,
			);
			path = Timely;
			sourceTree = "<group>";
		};
		14ABE0D61E973E6C002A046F /* TimelyTests */ = {
			isa = PBXGroup;
			children = (
				14047A221EAAA349006A4D1E /* TimerTests.swift */,
				14047A241EADB28A006A4D1E /* AlarmTests.swift */,
				14047A261EADBEB9006A4D1E /* TimeDurationTests.swift */,
				14ABE0D91E973E6C002A046F /* Info.plist */,
			);
			path = TimelyTests;
			sourceTree = "<group>";
		};
		14ABE0E11E973E6C002A046F /* TimelyUITests */ = {
			isa = PBXGroup;
			children = (
				14ABE0E21E973E6C002A046F /* TimelyUITests.swift */,
				14ABE0E41E973E6C002A046F /* Info.plist */,
			);
			path = TimelyUITests;
			sourceTree = "<group>";
		};
		14ABE1141E9D8834002A046F /* Sounds */ = {
			isa = PBXGroup;
			children = (
				14ABE0FC1E978D50002A046F /* SomeoneNew.mp3 */,
				14ABE0FA1E978B09002A046F /* Ping.aiff */,
				14ABE1101E9D8669002A046F /* Glass.aiff */,
				14ABE1121E9D86A2002A046F /* Basso.aiff */,
			);
			name = Sounds;
			sourceTree = "<group>";
		};
		14ABE1171E9D88D0002A046F /* Timer */ = {
			isa = PBXGroup;
			children = (
				14ABE0F61E976C3F002A046F /* Timer.swift */,
				14ABE1001E9CB727002A046F /* TimelyTimer.swift */,
				14ABE10E1E9D827F002A046F /* TimeDuration.swift */,
			);
			name = Timer;
			sourceTree = "<group>";
		};
		14ABE1181E9D88D8002A046F /* Alarm */ = {
			isa = PBXGroup;
			children = (
				14ABE1141E9D8834002A046F /* Sounds */,
				14ABE0FE1E98B937002A046F /* Alarm.swift */,
				14ABE1151E9D8864002A046F /* AlarmSound.swift */,
			);
			name = Alarm;
			sourceTree = "<group>";
		};
		14ABE1191E9D88EB002A046F /* CountdownView */ = {
			isa = PBXGroup;
			children = (
				14ABE1061E9CCCDA002A046F /* CountdownViewController.swift */,
				14ABE1071E9CCCDA002A046F /* CountdownViewController.xib */,
			);
			name = CountdownView;
			sourceTree = "<group>";
		};
		14ABE11A1E9D88F4002A046F /* TimelyView */ = {
			isa = PBXGroup;
			children = (
				14ABE0F01E9746D8002A046F /* TimelyViewController.swift */,
				14ABE0F11E9746D9002A046F /* TimelyViewController.xib */,
			);
			name = TimelyView;
			sourceTree = "<group>";
		};
/* End PBXGroup section */

/* Begin PBXNativeTarget section */
		14ABE0BE1E973E6B002A046F /* Timely */ = {
			isa = PBXNativeTarget;
			buildConfigurationList = 14ABE0E71E973E6C002A046F /* Build configuration list for PBXNativeTarget "Timely" */;
			buildPhases = (
				14ABE0BB1E973E6B002A046F /* Sources */,
				14ABE0BC1E973E6B002A046F /* Frameworks */,
				14ABE0BD1E973E6B002A046F /* Resources */,
			);
			buildRules = (
			);
			dependencies = (
			);
			name = Timely;
			productName = Timely;
			productReference = 14ABE0BF1E973E6C002A046F /* Timely.app */;
			productType = "com.apple.product-type.application";
		};
		14ABE0D21E973E6C002A046F /* TimelyTests */ = {
			isa = PBXNativeTarget;
			buildConfigurationList = 14ABE0EA1E973E6C002A046F /* Build configuration list for PBXNativeTarget "TimelyTests" */;
			buildPhases = (
				14ABE0CF1E973E6C002A046F /* Sources */,
				14ABE0D01E973E6C002A046F /* Frameworks */,
				14ABE0D11E973E6C002A046F /* Resources */,
			);
			buildRules = (
			);
			dependencies = (
				14ABE0D51E973E6C002A046F /* PBXTargetDependency */,
			);
			name = TimelyTests;
			productName = TimelyTests;
			productReference = 14ABE0D31E973E6C002A046F /* TimelyTests.xctest */;
			productType = "com.apple.product-type.bundle.unit-test";
		};
		14ABE0DD1E973E6C002A046F /* TimelyUITests */ = {
			isa = PBXNativeTarget;
			buildConfigurationList = 14ABE0ED1E973E6C002A046F /* Build configuration list for PBXNativeTarget "TimelyUITests" */;
			buildPhases = (
				14ABE0DA1E973E6C002A046F /* Sources */,
				14ABE0DB1E973E6C002A046F /* Frameworks */,
				14ABE0DC1E973E6C002A046F /* Resources */,
			);
			buildRules = (
			);
			dependencies = (
				14ABE0E01E973E6C002A046F /* PBXTargetDependency */,
			);
			name = TimelyUITests;
			productName = TimelyUITests;
			productReference = 14ABE0DE1E973E6C002A046F /* TimelyUITests.xctest */;
			productType = "com.apple.product-type.bundle.ui-testing";
		};
/* End PBXNativeTarget section */

/* Begin PBXProject section */
		14ABE0B71E973E6B002A046F /* Project object */ = {
			isa = PBXProject;
			attributes = {
				LastSwiftUpdateCheck = 0830;
				LastUpgradeCheck = 0830;
				ORGANIZATIONNAME = zhrhodes;
				TargetAttributes = {
					14ABE0BE1E973E6B002A046F = {
						CreatedOnToolsVersion = 8.3;
						DevelopmentTeam = A34Z338JKJ;
						ProvisioningStyle = Automatic;
					};
					14ABE0D21E973E6C002A046F = {
						CreatedOnToolsVersion = 8.3;
						DevelopmentTeam = A34Z338JKJ;
						ProvisioningStyle = Automatic;
						TestTargetID = 14ABE0BE1E973E6B002A046F;
					};
					14ABE0DD1E973E6C002A046F = {
						CreatedOnToolsVersion = 8.3;
						DevelopmentTeam = A34Z338JKJ;
						ProvisioningStyle = Automatic;
						TestTargetID = 14ABE0BE1E973E6B002A046F;
					};
				};
			};
			buildConfigurationList = 14ABE0BA1E973E6B002A046F /* Build configuration list for PBXProject "Timely" */;
			compatibilityVersion = "Xcode 3.2";
			developmentRegion = English;
			hasScannedForEncodings = 0;
			knownRegions = (
				en,
				Base,
			);
			mainGroup = 14ABE0B61E973E6B002A046F;
			productRefGroup = 14ABE0C01E973E6C002A046F /* Products */;
			projectDirPath = "";
			projectRoot = "";
			targets = (
				14ABE0BE1E973E6B002A046F /* Timely */,
				14ABE0D21E973E6C002A046F /* TimelyTests */,
				14ABE0DD1E973E6C002A046F /* TimelyUITests */,
			);
		};
/* End PBXProject section */

/* Begin PBXResourcesBuildPhase section */
		14ABE0BD1E973E6B002A046F /* Resources */ = {
			isa = PBXResourcesBuildPhase;
			buildActionMask = 2147483647;
			files = (
				14ABE1111E9D8669002A046F /* Glass.aiff in Resources */,
				14ABE0FB1E978B09002A046F /* Ping.aiff in Resources */,
				14ABE0FD1E978D50002A046F /* SomeoneNew.mp3 in Resources */,
				14ABE0F31E9746D9002A046F /* TimelyViewController.xib in Resources */,
				14ABE0CA1E973E6C002A046F /* Assets.xcassets in Resources */,
				14955D311EBE8A4B000DB80E /* TabContainer.xib in Resources */,
				14ABE1091E9CCCDA002A046F /* CountdownViewController.xib in Resources */,
				14ABE1131E9D86A2002A046F /* Basso.aiff in Resources */,
				14ABE0CD1E973E6C002A046F /* Main.storyboard in Resources */,
			);
			runOnlyForDeploymentPostprocessing = 0;
		};
		14ABE0D11E973E6C002A046F /* Resources */ = {
			isa = PBXResourcesBuildPhase;
			buildActionMask = 2147483647;
			files = (
			);
			runOnlyForDeploymentPostprocessing = 0;
		};
		14ABE0DC1E973E6C002A046F /* Resources */ = {
			isa = PBXResourcesBuildPhase;
			buildActionMask = 2147483647;
			files = (
			);
			runOnlyForDeploymentPostprocessing = 0;
		};
/* End PBXResourcesBuildPhase section */

/* Begin PBXSourcesBuildPhase section */
		14ABE0BB1E973E6B002A046F /* Sources */ = {
			isa = PBXSourcesBuildPhase;
			buildActionMask = 2147483647;
			files = (
				14955D3A1EBFBDC2000DB80E /* UIView+Timely.swift in Sources */,
				149444A21E9EE6E700E11DE4 /* StatusItemManager.swift in Sources */,
				14ABE0F21E9746D9002A046F /* TimelyViewController.swift in Sources */,
				14ABE1011E9CB727002A046F /* TimelyTimer.swift in Sources */,
				14ABE0F51E974F5E002A046F /* EventMonitor.swift in Sources */,
				14ABE1081E9CCCDA002A046F /* CountdownViewController.swift in Sources */,
				14ABE0C81E973E6C002A046F /* Timely.xcdatamodeld in Sources */,
				14ABE0F71E976C3F002A046F /* Timer.swift in Sources */,
				14ABE1161E9D8864002A046F /* AlarmSound.swift in Sources */,
				14ABE10F1E9D827F002A046F /* TimeDuration.swift in Sources */,
				14955D341EBE8AD8000DB80E /* TabContainer.swift in Sources */,
				14ABE0C31E973E6C002A046F /* AppDelegate.swift in Sources */,
				14ABE0FF1E98B937002A046F /* Alarm.swift in Sources */,
				14ABE0F91E97854F002A046F /* Constants.swift in Sources */,
			);
			runOnlyForDeploymentPostprocessing = 0;
		};
		14ABE0CF1E973E6C002A046F /* Sources */ = {
			isa = PBXSourcesBuildPhase;
			buildActionMask = 2147483647;
			files = (
				14047A251EADB28A006A4D1E /* AlarmTests.swift in Sources */,
				14047A271EADBEB9006A4D1E /* TimeDurationTests.swift in Sources */,
				14047A231EAAA349006A4D1E /* TimerTests.swift in Sources */,
			);
			runOnlyForDeploymentPostprocessing = 0;
		};
		14ABE0DA1E973E6C002A046F /* Sources */ = {
			isa = PBXSourcesBuildPhase;
			buildActionMask = 2147483647;
			files = (
				14ABE0E31E973E6C002A046F /* TimelyUITests.swift in Sources */,
			);
			runOnlyForDeploymentPostprocessing = 0;
		};
/* End PBXSourcesBuildPhase section */

/* Begin PBXTargetDependency section */
		14ABE0D51E973E6C002A046F /* PBXTargetDependency */ = {
			isa = PBXTargetDependency;
			target = 14ABE0BE1E973E6B002A046F /* Timely */;
			targetProxy = 14ABE0D41E973E6C002A046F /* PBXContainerItemProxy */;
		};
		14ABE0E01E973E6C002A046F /* PBXTargetDependency */ = {
			isa = PBXTargetDependency;
			target = 14ABE0BE1E973E6B002A046F /* Timely */;
			targetProxy = 14ABE0DF1E973E6C002A046F /* PBXContainerItemProxy */;
		};
/* End PBXTargetDependency section */

/* Begin PBXVariantGroup section */
		14ABE0CB1E973E6C002A046F /* Main.storyboard */ = {
			isa = PBXVariantGroup;
			children = (
				14ABE0CC1E973E6C002A046F /* Base */,
			);
			name = Main.storyboard;
			sourceTree = "<group>";
		};
/* End PBXVariantGroup section */

/* Begin XCBuildConfiguration section */
		14ABE0E51E973E6C002A046F /* Debug */ = {
			isa = XCBuildConfiguration;
			buildSettings = {
				ALWAYS_SEARCH_USER_PATHS = NO;
				CLANG_ANALYZER_NONNULL = YES;
				CLANG_ANALYZER_NUMBER_OBJECT_CONVERSION = YES_AGGRESSIVE;
				CLANG_CXX_LANGUAGE_STANDARD = "gnu++0x";
				CLANG_CXX_LIBRARY = "libc++";
				CLANG_ENABLE_MODULES = YES;
				CLANG_ENABLE_OBJC_ARC = YES;
				CLANG_WARN_BOOL_CONVERSION = YES;
				CLANG_WARN_CONSTANT_CONVERSION = YES;
				CLANG_WARN_DIRECT_OBJC_ISA_USAGE = YES_ERROR;
				CLANG_WARN_DOCUMENTATION_COMMENTS = YES;
				CLANG_WARN_EMPTY_BODY = YES;
				CLANG_WARN_ENUM_CONVERSION = YES;
				CLANG_WARN_INFINITE_RECURSION = YES;
				CLANG_WARN_INT_CONVERSION = YES;
				CLANG_WARN_OBJC_ROOT_CLASS = YES_ERROR;
				CLANG_WARN_SUSPICIOUS_MOVE = YES;
				CLANG_WARN_UNREACHABLE_CODE = YES;
				CLANG_WARN__DUPLICATE_METHOD_MATCH = YES;
				CODE_SIGN_IDENTITY = "-";
				COPY_PHASE_STRIP = NO;
				DEBUG_INFORMATION_FORMAT = dwarf;
				ENABLE_STRICT_OBJC_MSGSEND = YES;
				ENABLE_TESTABILITY = YES;
				GCC_C_LANGUAGE_STANDARD = gnu99;
				GCC_DYNAMIC_NO_PIC = NO;
				GCC_NO_COMMON_BLOCKS = YES;
				GCC_OPTIMIZATION_LEVEL = 0;
				GCC_PREPROCESSOR_DEFINITIONS = (
					"DEBUG=1",
					"$(inherited)",
				);
				GCC_WARN_64_TO_32_BIT_CONVERSION = YES;
				GCC_WARN_ABOUT_RETURN_TYPE = YES_ERROR;
				GCC_WARN_UNDECLARED_SELECTOR = YES;
				GCC_WARN_UNINITIALIZED_AUTOS = YES_AGGRESSIVE;
				GCC_WARN_UNUSED_FUNCTION = YES;
				GCC_WARN_UNUSED_VARIABLE = YES;
				MACOSX_DEPLOYMENT_TARGET = 10.12;
				MTL_ENABLE_DEBUG_INFO = YES;
				ONLY_ACTIVE_ARCH = YES;
				SDKROOT = macosx;
				SWIFT_ACTIVE_COMPILATION_CONDITIONS = DEBUG;
				SWIFT_OPTIMIZATION_LEVEL = "-Onone";
			};
			name = Debug;
		};
		14ABE0E61E973E6C002A046F /* Release */ = {
			isa = XCBuildConfiguration;
			buildSettings = {
				ALWAYS_SEARCH_USER_PATHS = NO;
				CLANG_ANALYZER_NONNULL = YES;
				CLANG_ANALYZER_NUMBER_OBJECT_CONVERSION = YES_AGGRESSIVE;
				CLANG_CXX_LANGUAGE_STANDARD = "gnu++0x";
				CLANG_CXX_LIBRARY = "libc++";
				CLANG_ENABLE_MODULES = YES;
				CLANG_ENABLE_OBJC_ARC = YES;
				CLANG_WARN_BOOL_CONVERSION = YES;
				CLANG_WARN_CONSTANT_CONVERSION = YES;
				CLANG_WARN_DIRECT_OBJC_ISA_USAGE = YES_ERROR;
				CLANG_WARN_DOCUMENTATION_COMMENTS = YES;
				CLANG_WARN_EMPTY_BODY = YES;
				CLANG_WARN_ENUM_CONVERSION = YES;
				CLANG_WARN_INFINITE_RECURSION = YES;
				CLANG_WARN_INT_CONVERSION = YES;
				CLANG_WARN_OBJC_ROOT_CLASS = YES_ERROR;
				CLANG_WARN_SUSPICIOUS_MOVE = YES;
				CLANG_WARN_UNREACHABLE_CODE = YES;
				CLANG_WARN__DUPLICATE_METHOD_MATCH = YES;
				CODE_SIGN_IDENTITY = "-";
				COPY_PHASE_STRIP = NO;
				DEBUG_INFORMATION_FORMAT = "dwarf-with-dsym";
				ENABLE_NS_ASSERTIONS = NO;
				ENABLE_STRICT_OBJC_MSGSEND = YES;
				GCC_C_LANGUAGE_STANDARD = gnu99;
				GCC_NO_COMMON_BLOCKS = YES;
				GCC_WARN_64_TO_32_BIT_CONVERSION = YES;
				GCC_WARN_ABOUT_RETURN_TYPE = YES_ERROR;
				GCC_WARN_UNDECLARED_SELECTOR = YES;
				GCC_WARN_UNINITIALIZED_AUTOS = YES_AGGRESSIVE;
				GCC_WARN_UNUSED_FUNCTION = YES;
				GCC_WARN_UNUSED_VARIABLE = YES;
				MACOSX_DEPLOYMENT_TARGET = 10.12;
				MTL_ENABLE_DEBUG_INFO = NO;
				SDKROOT = macosx;
				SWIFT_OPTIMIZATION_LEVEL = "-Owholemodule";
			};
			name = Release;
		};
		14ABE0E81E973E6C002A046F /* Debug */ = {
			isa = XCBuildConfiguration;
			buildSettings = {
				ASSETCATALOG_COMPILER_APPICON_NAME = AppIcon;
				COMBINE_HIDPI_IMAGES = YES;
				DEVELOPMENT_TEAM = A34Z338JKJ;
				INFOPLIST_FILE = Timely/Info.plist;
				LD_RUNPATH_SEARCH_PATHS = "$(inherited) @executable_path/../Frameworks";
				PRODUCT_BUNDLE_IDENTIFIER = com.ios.zhrhodes.Timely;
				PRODUCT_NAME = "$(TARGET_NAME)";
				SWIFT_VERSION = 3.0;
			};
			name = Debug;
		};
		14ABE0E91E973E6C002A046F /* Release */ = {
			isa = XCBuildConfiguration;
			buildSettings = {
				ASSETCATALOG_COMPILER_APPICON_NAME = AppIcon;
				COMBINE_HIDPI_IMAGES = YES;
				DEVELOPMENT_TEAM = A34Z338JKJ;
				INFOPLIST_FILE = Timely/Info.plist;
				LD_RUNPATH_SEARCH_PATHS = "$(inherited) @executable_path/../Frameworks";
				PRODUCT_BUNDLE_IDENTIFIER = com.ios.zhrhodes.Timely;
				PRODUCT_NAME = "$(TARGET_NAME)";
				SWIFT_VERSION = 3.0;
			};
			name = Release;
		};
		14ABE0EB1E973E6C002A046F /* Debug */ = {
			isa = XCBuildConfiguration;
			buildSettings = {
				ALWAYS_EMBED_SWIFT_STANDARD_LIBRARIES = YES;
				BUNDLE_LOADER = "$(TEST_HOST)";
				COMBINE_HIDPI_IMAGES = YES;
				DEVELOPMENT_TEAM = A34Z338JKJ;
				INFOPLIST_FILE = TimelyTests/Info.plist;
				LD_RUNPATH_SEARCH_PATHS = "$(inherited) @executable_path/../Frameworks @loader_path/../Frameworks";
				PRODUCT_BUNDLE_IDENTIFIER = com.ios.zhrhodes.TimelyTests;
				PRODUCT_NAME = "$(TARGET_NAME)";
				SWIFT_VERSION = 3.0;
				TEST_HOST = "$(BUILT_PRODUCTS_DIR)/Timely.app/Contents/MacOS/Timely";
			};
			name = Debug;
		};
		14ABE0EC1E973E6C002A046F /* Release */ = {
			isa = XCBuildConfiguration;
			buildSettings = {
				ALWAYS_EMBED_SWIFT_STANDARD_LIBRARIES = YES;
				BUNDLE_LOADER = "$(TEST_HOST)";
				COMBINE_HIDPI_IMAGES = YES;
				DEVELOPMENT_TEAM = A34Z338JKJ;
				INFOPLIST_FILE = TimelyTests/Info.plist;
				LD_RUNPATH_SEARCH_PATHS = "$(inherited) @executable_path/../Frameworks @loader_path/../Frameworks";
				PRODUCT_BUNDLE_IDENTIFIER = com.ios.zhrhodes.TimelyTests;
				PRODUCT_NAME = "$(TARGET_NAME)";
				SWIFT_VERSION = 3.0;
				TEST_HOST = "$(BUILT_PRODUCTS_DIR)/Timely.app/Contents/MacOS/Timely";
			};
			name = Release;
		};
		14ABE0EE1E973E6C002A046F /* Debug */ = {
			isa = XCBuildConfiguration;
			buildSettings = {
				ALWAYS_EMBED_SWIFT_STANDARD_LIBRARIES = YES;
				COMBINE_HIDPI_IMAGES = YES;
				DEVELOPMENT_TEAM = A34Z338JKJ;
				INFOPLIST_FILE = TimelyUITests/Info.plist;
				LD_RUNPATH_SEARCH_PATHS = "$(inherited) @executable_path/../Frameworks @loader_path/../Frameworks";
				PRODUCT_BUNDLE_IDENTIFIER = com.ios.zhrhodes.TimelyUITests;
				PRODUCT_NAME = "$(TARGET_NAME)";
				SWIFT_VERSION = 3.0;
				TEST_TARGET_NAME = Timely;
			};
			name = Debug;
		};
		14ABE0EF1E973E6C002A046F /* Release */ = {
			isa = XCBuildConfiguration;
			buildSettings = {
				ALWAYS_EMBED_SWIFT_STANDARD_LIBRARIES = YES;
				COMBINE_HIDPI_IMAGES = YES;
				DEVELOPMENT_TEAM = A34Z338JKJ;
				INFOPLIST_FILE = TimelyUITests/Info.plist;
				LD_RUNPATH_SEARCH_PATHS = "$(inherited) @executable_path/../Frameworks @loader_path/../Frameworks";
				PRODUCT_BUNDLE_IDENTIFIER = com.ios.zhrhodes.TimelyUITests;
				PRODUCT_NAME = "$(TARGET_NAME)";
				SWIFT_VERSION = 3.0;
				TEST_TARGET_NAME = Timely;
			};
			name = Release;
		};
/* End XCBuildConfiguration section */

/* Begin XCConfigurationList section */
		14ABE0BA1E973E6B002A046F /* Build configuration list for PBXProject "Timely" */ = {
			isa = XCConfigurationList;
			buildConfigurations = (
				14ABE0E51E973E6C002A046F /* Debug */,
				14ABE0E61E973E6C002A046F /* Release */,
			);
			defaultConfigurationIsVisible = 0;
			defaultConfigurationName = Release;
		};
		14ABE0E71E973E6C002A046F /* Build configuration list for PBXNativeTarget "Timely" */ = {
			isa = XCConfigurationList;
			buildConfigurations = (
				14ABE0E81E973E6C002A046F /* Debug */,
				14ABE0E91E973E6C002A046F /* Release */,
			);
			defaultConfigurationIsVisible = 0;
			defaultConfigurationName = Release;
		};
		14ABE0EA1E973E6C002A046F /* Build configuration list for PBXNativeTarget "TimelyTests" */ = {
			isa = XCConfigurationList;
			buildConfigurations = (
				14ABE0EB1E973E6C002A046F /* Debug */,
				14ABE0EC1E973E6C002A046F /* Release */,
			);
			defaultConfigurationIsVisible = 0;
			defaultConfigurationName = Release;
		};
		14ABE0ED1E973E6C002A046F /* Build configuration list for PBXNativeTarget "TimelyUITests" */ = {
			isa = XCConfigurationList;
			buildConfigurations = (
				14ABE0EE1E973E6C002A046F /* Debug */,
				14ABE0EF1E973E6C002A046F /* Release */,
			);
			defaultConfigurationIsVisible = 0;
			defaultConfigurationName = Release;
		};
/* End XCConfigurationList section */

/* Begin XCVersionGroup section */
		14ABE0C61E973E6C002A046F /* Timely.xcdatamodeld */ = {
			isa = XCVersionGroup;
			children = (
				14ABE0C71E973E6C002A046F /* Timely.xcdatamodel */,
			);
			currentVersion = 14ABE0C71E973E6C002A046F /* Timely.xcdatamodel */;
			path = Timely.xcdatamodeld;
			sourceTree = "<group>";
			versionGroupType = wrapper.xcdatamodel;
		};
/* End XCVersionGroup section */
	};
	rootObject = 14ABE0B71E973E6B002A046F /* Project object */;
}
